// !$*UTF8*$!
{
	archiveVersion = 1;
	classes = {
	};
	objectVersion = 46;
	objects = {

/* Begin PBXBuildFile section */
		48521C126F8F75C87EA56841 /* libPods-PonyMessenger.a in Frameworks */ = {isa = PBXBuildFile; fileRef = B392287A4E310850C25CD927 /* libPods-PonyMessenger.a */; };
		63EADC471AC8ECDE00750DD2 /* PPMAccountWireframe.m in Sources */ = {isa = PBXBuildFile; fileRef = 63EADC461AC8ECDE00750DD2 /* PPMAccountWireframe.m */; };
		63EADC4B1AC8ED1B00750DD2 /* PPMAccountCore.m in Sources */ = {isa = PBXBuildFile; fileRef = 63EADC4A1AC8ED1B00750DD2 /* PPMAccountCore.m */; };
		F00392E91AB87596002EF72B /* PPMChat.storyboard in Resources */ = {isa = PBXBuildFile; fileRef = F00392E81AB87596002EF72B /* PPMChat.storyboard */; };
		F00392F41AB87790002EF72B /* PPMApplication.m in Sources */ = {isa = PBXBuildFile; fileRef = F00392F31AB87790002EF72B /* PPMApplication.m */; };
		F00392FB1AB8784C002EF72B /* PPMCore.m in Sources */ = {isa = PBXBuildFile; fileRef = F00392FA1AB8784C002EF72B /* PPMCore.m */; };
		F00392FE1AB878F8002EF72B /* PPMChatCore.m in Sources */ = {isa = PBXBuildFile; fileRef = F00392FD1AB878F8002EF72B /* PPMChatCore.m */; };
		F00393021AB87D63002EF72B /* PPMTabBarController.m in Sources */ = {isa = PBXBuildFile; fileRef = F00393011AB87D63002EF72B /* PPMTabBarController.m */; };
		F00393051AB87E36002EF72B /* PPMNavigationController.m in Sources */ = {isa = PBXBuildFile; fileRef = F00393041AB87E35002EF72B /* PPMNavigationController.m */; };
		F00393091AB87FB2002EF72B /* PPMWireframe.m in Sources */ = {isa = PBXBuildFile; fileRef = F00393081AB87FB2002EF72B /* PPMWireframe.m */; };
		F023EFDE1AC7A2BA007CF88C /* PPMOutputHelper.m in Sources */ = {isa = PBXBuildFile; fileRef = F023EFDD1AC7A2BA007CF88C /* PPMOutputHelper.m */; };
		F023EFE11AC7A2C7007CF88C /* PPMProtocolHelper.m in Sources */ = {isa = PBXBuildFile; fileRef = F023EFE01AC7A2C7007CF88C /* PPMProtocolHelper.m */; };
		F023EFE41AC7A733007CF88C /* PPMValueFormatter.m in Sources */ = {isa = PBXBuildFile; fileRef = F023EFE31AC7A733007CF88C /* PPMValueFormatter.m */; };
		F023EFE61AC7AF7C007CF88C /* PPMOutputHelperTests.m in Sources */ = {isa = PBXBuildFile; fileRef = F023EFE51AC7AF7C007CF88C /* PPMOutputHelperTests.m */; };
		F029766F1AC842C500C7C37B /* PPMAccount.storyboard in Resources */ = {isa = PBXBuildFile; fileRef = F029766E1AC842C500C7C37B /* PPMAccount.storyboard */; };
		F02976721AC843CB00C7C37B /* PPMAccountSigninViewController.m in Sources */ = {isa = PBXBuildFile; fileRef = F02976711AC843CB00C7C37B /* PPMAccountSigninViewController.m */; };
		F02976751AC84A4800C7C37B /* PPMAccountActiveSigninViewController.m in Sources */ = {isa = PBXBuildFile; fileRef = F02976741AC84A4800C7C37B /* PPMAccountActiveSigninViewController.m */; };
		F05BFBD91AC6EA16004E860F /* PPMDefine.m in Sources */ = {isa = PBXBuildFile; fileRef = F05BFBD81AC6EA16004E860F /* PPMDefine.m */; };
		F05BFBDC1AC6EAF3004E860F /* PPMAccountDefine.m in Sources */ = {isa = PBXBuildFile; fileRef = F05BFBDB1AC6EAF3004E860F /* PPMAccountDefine.m */; };
		F05BFBDF1AC6EE63004E860F /* PPMManagedAccountItem.m in Sources */ = {isa = PBXBuildFile; fileRef = F05BFBDE1AC6EE63004E860F /* PPMManagedAccountItem.m */; };
		F05BFBE41AC6EF7D004E860F /* PPMAccountItem.m in Sources */ = {isa = PBXBuildFile; fileRef = F05BFBE31AC6EF7D004E860F /* PPMAccountItem.m */; };
		F05BFBE71AC6EF94004E860F /* PPMAccountManager.m in Sources */ = {isa = PBXBuildFile; fileRef = F05BFBE61AC6EF94004E860F /* PPMAccountManager.m */; };
		F05BFBEA1AC6F066004E860F /* PPMPublicCoreData.m in Sources */ = {isa = PBXBuildFile; fileRef = F05BFBE91AC6F066004E860F /* PPMPublicCoreData.m */; };
		F05BFBEC1AC6F3EE004E860F /* PPMAccountTests.m in Sources */ = {isa = PBXBuildFile; fileRef = F05BFBEB1AC6F3EE004E860F /* PPMAccountTests.m */; };
		F067826E1AC06832009E8C5B /* PPMChatSessionViewController.m in Sources */ = {isa = PBXBuildFile; fileRef = F067826D1AC06832009E8C5B /* PPMChatSessionViewController.m */; };
		F06782711AC0684E009E8C5B /* PPMChatSessionPresenter.m in Sources */ = {isa = PBXBuildFile; fileRef = F06782701AC0684E009E8C5B /* PPMChatSessionPresenter.m */; };
		F06782741AC0685A009E8C5B /* PPMChatSessionInteractor.m in Sources */ = {isa = PBXBuildFile; fileRef = F06782731AC0685A009E8C5B /* PPMChatSessionInteractor.m */; };
		F08A3DCC1AB8836E00A5E6AA /* PPMChatWireframe.m in Sources */ = {isa = PBXBuildFile; fileRef = F08A3DCB1AB8836E00A5E6AA /* PPMChatWireframe.m */; };
		F08A3DCF1AB8839E00A5E6AA /* PPMChatRecentViewController.m in Sources */ = {isa = PBXBuildFile; fileRef = F08A3DCE1AB8839E00A5E6AA /* PPMChatRecentViewController.m */; };
		F08A3DD11AB8859100A5E6AA /* PPMChat.xcassets in Resources */ = {isa = PBXBuildFile; fileRef = F08A3DD01AB8859100A5E6AA /* PPMChat.xcassets */; };
		F08A3DD41AB9CDC200A5E6AA /* PPMChatRecentTableViewCell.m in Sources */ = {isa = PBXBuildFile; fileRef = F08A3DD31AB9CDC200A5E6AA /* PPMChatRecentTableViewCell.m */; };
		F08A3DD71AB9D1C500A5E6AA /* PPMChatContactViewController.m in Sources */ = {isa = PBXBuildFile; fileRef = F08A3DD61AB9D1C500A5E6AA /* PPMChatContactViewController.m */; };
		F08A3DDD1AB9D43300A5E6AA /* PPMChatContactTableViewCell.m in Sources */ = {isa = PBXBuildFile; fileRef = F08A3DDC1AB9D43300A5E6AA /* PPMChatContactTableViewCell.m */; };
		F08A3DE21AB9D6B500A5E6AA /* PPMChatRecentListInteractor.m in Sources */ = {isa = PBXBuildFile; fileRef = F08A3DE11AB9D6B500A5E6AA /* PPMChatRecentListInteractor.m */; };
		F08A3DE51AB9D6C300A5E6AA /* PPMChatRecentCellInteractor.m in Sources */ = {isa = PBXBuildFile; fileRef = F08A3DE41AB9D6C300A5E6AA /* PPMChatRecentCellInteractor.m */; };
		F08A3DE81AB9D6DB00A5E6AA /* PPMChatRecentListPresenter.m in Sources */ = {isa = PBXBuildFile; fileRef = F08A3DE71AB9D6DB00A5E6AA /* PPMChatRecentListPresenter.m */; };
		F08A3DEB1AB9D6E600A5E6AA /* PPMChatRecentCellPresenter.m in Sources */ = {isa = PBXBuildFile; fileRef = F08A3DEA1AB9D6E600A5E6AA /* PPMChatRecentCellPresenter.m */; };
		F08A3DEE1ABAFBC500A5E6AA /* PPMChatContactListInteractor.m in Sources */ = {isa = PBXBuildFile; fileRef = F08A3DED1ABAFBC500A5E6AA /* PPMChatContactListInteractor.m */; };
		F08A3DF11ABAFBD500A5E6AA /* PPMChatContactCellInteractor.m in Sources */ = {isa = PBXBuildFile; fileRef = F08A3DF01ABAFBD500A5E6AA /* PPMChatContactCellInteractor.m */; };
		F08A3DF41ABAFBE300A5E6AA /* PPMChatContactListPresenter.m in Sources */ = {isa = PBXBuildFile; fileRef = F08A3DF31ABAFBE300A5E6AA /* PPMChatContactListPresenter.m */; };
		F08A3DF71ABAFBF100A5E6AA /* PPMChatContactCellPresenter.m in Sources */ = {isa = PBXBuildFile; fileRef = F08A3DF61ABAFBF100A5E6AA /* PPMChatContactCellPresenter.m */; };
		F0E154751AC5A2C900E46E48 /* PPM.xcdatamodeld in Sources */ = {isa = PBXBuildFile; fileRef = F0E154731AC5A2C900E46E48 /* PPM.xcdatamodeld */; };
		F0E154781AC5A2F800E46E48 /* PPMPrivateCoreData.m in Sources */ = {isa = PBXBuildFile; fileRef = F0E154771AC5A2F800E46E48 /* PPMPrivateCoreData.m */; };
		F0E1547B1AC5A59300E46E48 /* PPMManagedUserInformationItem.m in Sources */ = {isa = PBXBuildFile; fileRef = F0E1547A1AC5A59300E46E48 /* PPMManagedUserInformationItem.m */; };
		F0F647031AB869D700CACCA2 /* main.m in Sources */ = {isa = PBXBuildFile; fileRef = F0F647021AB869D700CACCA2 /* main.m */; };
		F0F647061AB869D700CACCA2 /* AppDelegate.m in Sources */ = {isa = PBXBuildFile; fileRef = F0F647051AB869D700CACCA2 /* AppDelegate.m */; };
		F0F6470C1AB869D700CACCA2 /* Main.storyboard in Resources */ = {isa = PBXBuildFile; fileRef = F0F6470A1AB869D700CACCA2 /* Main.storyboard */; };
		F0F6470E1AB869D700CACCA2 /* Images.xcassets in Resources */ = {isa = PBXBuildFile; fileRef = F0F6470D1AB869D700CACCA2 /* Images.xcassets */; };
		F0F647111AB869D700CACCA2 /* LaunchScreen.xib in Resources */ = {isa = PBXBuildFile; fileRef = F0F6470F1AB869D700CACCA2 /* LaunchScreen.xib */; };
		F0F6471D1AB869D700CACCA2 /* PonyMessengerTests.m in Sources */ = {isa = PBXBuildFile; fileRef = F0F6471C1AB869D700CACCA2 /* PonyMessengerTests.m */; };
/* End PBXBuildFile section */

/* Begin PBXContainerItemProxy section */
		F0F647171AB869D700CACCA2 /* PBXContainerItemProxy */ = {
			isa = PBXContainerItemProxy;
			containerPortal = F0F646F51AB869D700CACCA2 /* Project object */;
			proxyType = 1;
			remoteGlobalIDString = F0F646FC1AB869D700CACCA2;
			remoteInfo = PonyMessenger;
		};
/* End PBXContainerItemProxy section */

/* Begin PBXFileReference section */
		63EADC451AC8ECDE00750DD2 /* PPMAccountWireframe.h */ = {isa = PBXFileReference; fileEncoding = 4; lastKnownFileType = sourcecode.c.h; path = PPMAccountWireframe.h; sourceTree = "<group>"; };
		63EADC461AC8ECDE00750DD2 /* PPMAccountWireframe.m */ = {isa = PBXFileReference; fileEncoding = 4; lastKnownFileType = sourcecode.c.objc; path = PPMAccountWireframe.m; sourceTree = "<group>"; };
		63EADC491AC8ED1B00750DD2 /* PPMAccountCore.h */ = {isa = PBXFileReference; fileEncoding = 4; lastKnownFileType = sourcecode.c.h; path = PPMAccountCore.h; sourceTree = "<group>"; };
		63EADC4A1AC8ED1B00750DD2 /* PPMAccountCore.m */ = {isa = PBXFileReference; fileEncoding = 4; lastKnownFileType = sourcecode.c.objc; path = PPMAccountCore.m; sourceTree = "<group>"; };
		B392287A4E310850C25CD927 /* libPods-PonyMessenger.a */ = {isa = PBXFileReference; explicitFileType = archive.ar; includeInIndex = 0; path = "libPods-PonyMessenger.a"; sourceTree = BUILT_PRODUCTS_DIR; };
		B62EFBCE8B51F3951CFDE188 /* Pods-PonyMessenger.debug.xcconfig */ = {isa = PBXFileReference; includeInIndex = 1; lastKnownFileType = text.xcconfig; name = "Pods-PonyMessenger.debug.xcconfig"; path = "Pods/Target Support Files/Pods-PonyMessenger/Pods-PonyMessenger.debug.xcconfig"; sourceTree = "<group>"; };
		C3C56D5CFFDA60C1069C8488 /* Pods-PonyMessenger.release.xcconfig */ = {isa = PBXFileReference; includeInIndex = 1; lastKnownFileType = text.xcconfig; name = "Pods-PonyMessenger.release.xcconfig"; path = "Pods/Target Support Files/Pods-PonyMessenger/Pods-PonyMessenger.release.xcconfig"; sourceTree = "<group>"; };
		F00392E81AB87596002EF72B /* PPMChat.storyboard */ = {isa = PBXFileReference; fileEncoding = 4; lastKnownFileType = file.storyboard; path = PPMChat.storyboard; sourceTree = "<group>"; };
		F00392F21AB87790002EF72B /* PPMApplication.h */ = {isa = PBXFileReference; fileEncoding = 4; lastKnownFileType = sourcecode.c.h; path = PPMApplication.h; sourceTree = "<group>"; };
		F00392F31AB87790002EF72B /* PPMApplication.m */ = {isa = PBXFileReference; fileEncoding = 4; lastKnownFileType = sourcecode.c.objc; path = PPMApplication.m; sourceTree = "<group>"; };
		F00392F91AB8784C002EF72B /* PPMCore.h */ = {isa = PBXFileReference; fileEncoding = 4; lastKnownFileType = sourcecode.c.h; path = PPMCore.h; sourceTree = "<group>"; };
		F00392FA1AB8784C002EF72B /* PPMCore.m */ = {isa = PBXFileReference; fileEncoding = 4; lastKnownFileType = sourcecode.c.objc; path = PPMCore.m; sourceTree = "<group>"; };
		F00392FC1AB878F8002EF72B /* PPMChatCore.h */ = {isa = PBXFileReference; fileEncoding = 4; lastKnownFileType = sourcecode.c.h; path = PPMChatCore.h; sourceTree = "<group>"; };
		F00392FD1AB878F8002EF72B /* PPMChatCore.m */ = {isa = PBXFileReference; fileEncoding = 4; lastKnownFileType = sourcecode.c.objc; path = PPMChatCore.m; sourceTree = "<group>"; };
		F00393001AB87D63002EF72B /* PPMTabBarController.h */ = {isa = PBXFileReference; fileEncoding = 4; lastKnownFileType = sourcecode.c.h; path = PPMTabBarController.h; sourceTree = "<group>"; };
		F00393011AB87D63002EF72B /* PPMTabBarController.m */ = {isa = PBXFileReference; fileEncoding = 4; lastKnownFileType = sourcecode.c.objc; path = PPMTabBarController.m; sourceTree = "<group>"; };
		F00393031AB87E35002EF72B /* PPMNavigationController.h */ = {isa = PBXFileReference; fileEncoding = 4; lastKnownFileType = sourcecode.c.h; path = PPMNavigationController.h; sourceTree = "<group>"; };
		F00393041AB87E35002EF72B /* PPMNavigationController.m */ = {isa = PBXFileReference; fileEncoding = 4; lastKnownFileType = sourcecode.c.objc; path = PPMNavigationController.m; sourceTree = "<group>"; };
		F00393071AB87FB2002EF72B /* PPMWireframe.h */ = {isa = PBXFileReference; fileEncoding = 4; lastKnownFileType = sourcecode.c.h; path = PPMWireframe.h; sourceTree = "<group>"; };
		F00393081AB87FB2002EF72B /* PPMWireframe.m */ = {isa = PBXFileReference; fileEncoding = 4; lastKnownFileType = sourcecode.c.objc; path = PPMWireframe.m; sourceTree = "<group>"; };
		F023EFDC1AC7A2BA007CF88C /* PPMOutputHelper.h */ = {isa = PBXFileReference; fileEncoding = 4; lastKnownFileType = sourcecode.c.h; path = PPMOutputHelper.h; sourceTree = "<group>"; };
		F023EFDD1AC7A2BA007CF88C /* PPMOutputHelper.m */ = {isa = PBXFileReference; fileEncoding = 4; lastKnownFileType = sourcecode.c.objc; path = PPMOutputHelper.m; sourceTree = "<group>"; };
		F023EFDF1AC7A2C7007CF88C /* PPMProtocolHelper.h */ = {isa = PBXFileReference; fileEncoding = 4; lastKnownFileType = sourcecode.c.h; path = PPMProtocolHelper.h; sourceTree = "<group>"; };
		F023EFE01AC7A2C7007CF88C /* PPMProtocolHelper.m */ = {isa = PBXFileReference; fileEncoding = 4; lastKnownFileType = sourcecode.c.objc; path = PPMProtocolHelper.m; sourceTree = "<group>"; };
		F023EFE21AC7A733007CF88C /* PPMValueFormatter.h */ = {isa = PBXFileReference; fileEncoding = 4; lastKnownFileType = sourcecode.c.h; path = PPMValueFormatter.h; sourceTree = "<group>"; };
		F023EFE31AC7A733007CF88C /* PPMValueFormatter.m */ = {isa = PBXFileReference; fileEncoding = 4; lastKnownFileType = sourcecode.c.objc; path = PPMValueFormatter.m; sourceTree = "<group>"; };
		F023EFE51AC7AF7C007CF88C /* PPMOutputHelperTests.m */ = {isa = PBXFileReference; fileEncoding = 4; lastKnownFileType = sourcecode.c.objc; path = PPMOutputHelperTests.m; sourceTree = "<group>"; };
		F029766E1AC842C500C7C37B /* PPMAccount.storyboard */ = {isa = PBXFileReference; fileEncoding = 4; lastKnownFileType = file.storyboard; path = PPMAccount.storyboard; sourceTree = "<group>"; };
		F02976701AC843CB00C7C37B /* PPMAccountSigninViewController.h */ = {isa = PBXFileReference; fileEncoding = 4; lastKnownFileType = sourcecode.c.h; path = PPMAccountSigninViewController.h; sourceTree = "<group>"; };
		F02976711AC843CB00C7C37B /* PPMAccountSigninViewController.m */ = {isa = PBXFileReference; fileEncoding = 4; lastKnownFileType = sourcecode.c.objc; path = PPMAccountSigninViewController.m; sourceTree = "<group>"; };
		F02976731AC84A4800C7C37B /* PPMAccountActiveSigninViewController.h */ = {isa = PBXFileReference; fileEncoding = 4; lastKnownFileType = sourcecode.c.h; path = PPMAccountActiveSigninViewController.h; sourceTree = "<group>"; };
		F02976741AC84A4800C7C37B /* PPMAccountActiveSigninViewController.m */ = {isa = PBXFileReference; fileEncoding = 4; lastKnownFileType = sourcecode.c.objc; path = PPMAccountActiveSigninViewController.m; sourceTree = "<group>"; };
		F05BFBD71AC6EA16004E860F /* PPMDefine.h */ = {isa = PBXFileReference; fileEncoding = 4; lastKnownFileType = sourcecode.c.h; path = PPMDefine.h; sourceTree = "<group>"; };
		F05BFBD81AC6EA16004E860F /* PPMDefine.m */ = {isa = PBXFileReference; fileEncoding = 4; lastKnownFileType = sourcecode.c.objc; path = PPMDefine.m; sourceTree = "<group>"; };
		F05BFBDA1AC6EAF3004E860F /* PPMAccountDefine.h */ = {isa = PBXFileReference; fileEncoding = 4; lastKnownFileType = sourcecode.c.h; path = PPMAccountDefine.h; sourceTree = "<group>"; };
		F05BFBDB1AC6EAF3004E860F /* PPMAccountDefine.m */ = {isa = PBXFileReference; fileEncoding = 4; lastKnownFileType = sourcecode.c.objc; path = PPMAccountDefine.m; sourceTree = "<group>"; };
		F05BFBDD1AC6EE63004E860F /* PPMManagedAccountItem.h */ = {isa = PBXFileReference; fileEncoding = 4; lastKnownFileType = sourcecode.c.h; path = PPMManagedAccountItem.h; sourceTree = "<group>"; };
		F05BFBDE1AC6EE63004E860F /* PPMManagedAccountItem.m */ = {isa = PBXFileReference; fileEncoding = 4; lastKnownFileType = sourcecode.c.objc; path = PPMManagedAccountItem.m; sourceTree = "<group>"; };
		F05BFBE21AC6EF7D004E860F /* PPMAccountItem.h */ = {isa = PBXFileReference; fileEncoding = 4; lastKnownFileType = sourcecode.c.h; path = PPMAccountItem.h; sourceTree = "<group>"; };
		F05BFBE31AC6EF7D004E860F /* PPMAccountItem.m */ = {isa = PBXFileReference; fileEncoding = 4; lastKnownFileType = sourcecode.c.objc; path = PPMAccountItem.m; sourceTree = "<group>"; };
		F05BFBE51AC6EF94004E860F /* PPMAccountManager.h */ = {isa = PBXFileReference; fileEncoding = 4; lastKnownFileType = sourcecode.c.h; path = PPMAccountManager.h; sourceTree = "<group>"; };
		F05BFBE61AC6EF94004E860F /* PPMAccountManager.m */ = {isa = PBXFileReference; fileEncoding = 4; lastKnownFileType = sourcecode.c.objc; path = PPMAccountManager.m; sourceTree = "<group>"; };
		F05BFBE81AC6F066004E860F /* PPMPublicCoreData.h */ = {isa = PBXFileReference; fileEncoding = 4; lastKnownFileType = sourcecode.c.h; path = PPMPublicCoreData.h; sourceTree = "<group>"; };
		F05BFBE91AC6F066004E860F /* PPMPublicCoreData.m */ = {isa = PBXFileReference; fileEncoding = 4; lastKnownFileType = sourcecode.c.objc; path = PPMPublicCoreData.m; sourceTree = "<group>"; };
		F05BFBEB1AC6F3EE004E860F /* PPMAccountTests.m */ = {isa = PBXFileReference; fileEncoding = 4; lastKnownFileType = sourcecode.c.objc; path = PPMAccountTests.m; sourceTree = "<group>"; };
		F067826C1AC06832009E8C5B /* PPMChatSessionViewController.h */ = {isa = PBXFileReference; fileEncoding = 4; lastKnownFileType = sourcecode.c.h; path = PPMChatSessionViewController.h; sourceTree = "<group>"; };
		F067826D1AC06832009E8C5B /* PPMChatSessionViewController.m */ = {isa = PBXFileReference; fileEncoding = 4; lastKnownFileType = sourcecode.c.objc; path = PPMChatSessionViewController.m; sourceTree = "<group>"; };
		F067826F1AC0684E009E8C5B /* PPMChatSessionPresenter.h */ = {isa = PBXFileReference; fileEncoding = 4; lastKnownFileType = sourcecode.c.h; path = PPMChatSessionPresenter.h; sourceTree = "<group>"; };
		F06782701AC0684E009E8C5B /* PPMChatSessionPresenter.m */ = {isa = PBXFileReference; fileEncoding = 4; lastKnownFileType = sourcecode.c.objc; path = PPMChatSessionPresenter.m; sourceTree = "<group>"; };
		F06782721AC0685A009E8C5B /* PPMChatSessionInteractor.h */ = {isa = PBXFileReference; fileEncoding = 4; lastKnownFileType = sourcecode.c.h; path = PPMChatSessionInteractor.h; sourceTree = "<group>"; };
		F06782731AC0685A009E8C5B /* PPMChatSessionInteractor.m */ = {isa = PBXFileReference; fileEncoding = 4; lastKnownFileType = sourcecode.c.objc; path = PPMChatSessionInteractor.m; sourceTree = "<group>"; };
		F08A3DCA1AB8836E00A5E6AA /* PPMChatWireframe.h */ = {isa = PBXFileReference; fileEncoding = 4; lastKnownFileType = sourcecode.c.h; path = PPMChatWireframe.h; sourceTree = "<group>"; };
		F08A3DCB1AB8836E00A5E6AA /* PPMChatWireframe.m */ = {isa = PBXFileReference; fileEncoding = 4; lastKnownFileType = sourcecode.c.objc; path = PPMChatWireframe.m; sourceTree = "<group>"; };
		F08A3DCD1AB8839E00A5E6AA /* PPMChatRecentViewController.h */ = {isa = PBXFileReference; fileEncoding = 4; lastKnownFileType = sourcecode.c.h; path = PPMChatRecentViewController.h; sourceTree = "<group>"; };
		F08A3DCE1AB8839E00A5E6AA /* PPMChatRecentViewController.m */ = {isa = PBXFileReference; fileEncoding = 4; lastKnownFileType = sourcecode.c.objc; path = PPMChatRecentViewController.m; sourceTree = "<group>"; };
		F08A3DD01AB8859100A5E6AA /* PPMChat.xcassets */ = {isa = PBXFileReference; lastKnownFileType = folder.assetcatalog; path = PPMChat.xcassets; sourceTree = "<group>"; };
		F08A3DD21AB9CDC200A5E6AA /* PPMChatRecentTableViewCell.h */ = {isa = PBXFileReference; fileEncoding = 4; lastKnownFileType = sourcecode.c.h; path = PPMChatRecentTableViewCell.h; sourceTree = "<group>"; };
		F08A3DD31AB9CDC200A5E6AA /* PPMChatRecentTableViewCell.m */ = {isa = PBXFileReference; fileEncoding = 4; lastKnownFileType = sourcecode.c.objc; path = PPMChatRecentTableViewCell.m; sourceTree = "<group>"; };
		F08A3DD51AB9D1C500A5E6AA /* PPMChatContactViewController.h */ = {isa = PBXFileReference; fileEncoding = 4; lastKnownFileType = sourcecode.c.h; path = PPMChatContactViewController.h; sourceTree = "<group>"; };
		F08A3DD61AB9D1C500A5E6AA /* PPMChatContactViewController.m */ = {isa = PBXFileReference; fileEncoding = 4; lastKnownFileType = sourcecode.c.objc; path = PPMChatContactViewController.m; sourceTree = "<group>"; };
		F08A3DDB1AB9D43300A5E6AA /* PPMChatContactTableViewCell.h */ = {isa = PBXFileReference; fileEncoding = 4; lastKnownFileType = sourcecode.c.h; path = PPMChatContactTableViewCell.h; sourceTree = "<group>"; };
		F08A3DDC1AB9D43300A5E6AA /* PPMChatContactTableViewCell.m */ = {isa = PBXFileReference; fileEncoding = 4; lastKnownFileType = sourcecode.c.objc; path = PPMChatContactTableViewCell.m; sourceTree = "<group>"; };
		F08A3DE01AB9D6B500A5E6AA /* PPMChatRecentListInteractor.h */ = {isa = PBXFileReference; fileEncoding = 4; lastKnownFileType = sourcecode.c.h; path = PPMChatRecentListInteractor.h; sourceTree = "<group>"; };
		F08A3DE11AB9D6B500A5E6AA /* PPMChatRecentListInteractor.m */ = {isa = PBXFileReference; fileEncoding = 4; lastKnownFileType = sourcecode.c.objc; path = PPMChatRecentListInteractor.m; sourceTree = "<group>"; };
		F08A3DE31AB9D6C300A5E6AA /* PPMChatRecentCellInteractor.h */ = {isa = PBXFileReference; fileEncoding = 4; lastKnownFileType = sourcecode.c.h; path = PPMChatRecentCellInteractor.h; sourceTree = "<group>"; };
		F08A3DE41AB9D6C300A5E6AA /* PPMChatRecentCellInteractor.m */ = {isa = PBXFileReference; fileEncoding = 4; lastKnownFileType = sourcecode.c.objc; path = PPMChatRecentCellInteractor.m; sourceTree = "<group>"; };
		F08A3DE61AB9D6DB00A5E6AA /* PPMChatRecentListPresenter.h */ = {isa = PBXFileReference; fileEncoding = 4; lastKnownFileType = sourcecode.c.h; path = PPMChatRecentListPresenter.h; sourceTree = "<group>"; };
		F08A3DE71AB9D6DB00A5E6AA /* PPMChatRecentListPresenter.m */ = {isa = PBXFileReference; fileEncoding = 4; lastKnownFileType = sourcecode.c.objc; path = PPMChatRecentListPresenter.m; sourceTree = "<group>"; };
		F08A3DE91AB9D6E600A5E6AA /* PPMChatRecentCellPresenter.h */ = {isa = PBXFileReference; fileEncoding = 4; lastKnownFileType = sourcecode.c.h; path = PPMChatRecentCellPresenter.h; sourceTree = "<group>"; };
		F08A3DEA1AB9D6E600A5E6AA /* PPMChatRecentCellPresenter.m */ = {isa = PBXFileReference; fileEncoding = 4; lastKnownFileType = sourcecode.c.objc; path = PPMChatRecentCellPresenter.m; sourceTree = "<group>"; };
		F08A3DEC1ABAFBC500A5E6AA /* PPMChatContactListInteractor.h */ = {isa = PBXFileReference; fileEncoding = 4; lastKnownFileType = sourcecode.c.h; path = PPMChatContactListInteractor.h; sourceTree = "<group>"; };
		F08A3DED1ABAFBC500A5E6AA /* PPMChatContactListInteractor.m */ = {isa = PBXFileReference; fileEncoding = 4; lastKnownFileType = sourcecode.c.objc; path = PPMChatContactListInteractor.m; sourceTree = "<group>"; };
		F08A3DEF1ABAFBD500A5E6AA /* PPMChatContactCellInteractor.h */ = {isa = PBXFileReference; fileEncoding = 4; lastKnownFileType = sourcecode.c.h; path = PPMChatContactCellInteractor.h; sourceTree = "<group>"; };
		F08A3DF01ABAFBD500A5E6AA /* PPMChatContactCellInteractor.m */ = {isa = PBXFileReference; fileEncoding = 4; lastKnownFileType = sourcecode.c.objc; path = PPMChatContactCellInteractor.m; sourceTree = "<group>"; };
		F08A3DF21ABAFBE300A5E6AA /* PPMChatContactListPresenter.h */ = {isa = PBXFileReference; fileEncoding = 4; lastKnownFileType = sourcecode.c.h; path = PPMChatContactListPresenter.h; sourceTree = "<group>"; };
		F08A3DF31ABAFBE300A5E6AA /* PPMChatContactListPresenter.m */ = {isa = PBXFileReference; fileEncoding = 4; lastKnownFileType = sourcecode.c.objc; path = PPMChatContactListPresenter.m; sourceTree = "<group>"; };
		F08A3DF51ABAFBF100A5E6AA /* PPMChatContactCellPresenter.h */ = {isa = PBXFileReference; fileEncoding = 4; lastKnownFileType = sourcecode.c.h; path = PPMChatContactCellPresenter.h; sourceTree = "<group>"; };
		F08A3DF61ABAFBF100A5E6AA /* PPMChatContactCellPresenter.m */ = {isa = PBXFileReference; fileEncoding = 4; lastKnownFileType = sourcecode.c.objc; path = PPMChatContactCellPresenter.m; sourceTree = "<group>"; };
		F0E154741AC5A2C900E46E48 /* PPM.xcdatamodel */ = {isa = PBXFileReference; lastKnownFileType = wrapper.xcdatamodel; path = PPM.xcdatamodel; sourceTree = "<group>"; };
		F0E154761AC5A2F800E46E48 /* PPMPrivateCoreData.h */ = {isa = PBXFileReference; fileEncoding = 4; lastKnownFileType = sourcecode.c.h; path = PPMPrivateCoreData.h; sourceTree = "<group>"; };
		F0E154771AC5A2F800E46E48 /* PPMPrivateCoreData.m */ = {isa = PBXFileReference; fileEncoding = 4; lastKnownFileType = sourcecode.c.objc; path = PPMPrivateCoreData.m; sourceTree = "<group>"; };
		F0E154791AC5A59300E46E48 /* PPMManagedUserInformationItem.h */ = {isa = PBXFileReference; fileEncoding = 4; lastKnownFileType = sourcecode.c.h; path = PPMManagedUserInformationItem.h; sourceTree = "<group>"; };
		F0E1547A1AC5A59300E46E48 /* PPMManagedUserInformationItem.m */ = {isa = PBXFileReference; fileEncoding = 4; lastKnownFileType = sourcecode.c.objc; path = PPMManagedUserInformationItem.m; sourceTree = "<group>"; };
		F0F646FD1AB869D700CACCA2 /* PonyMessenger.app */ = {isa = PBXFileReference; explicitFileType = wrapper.application; includeInIndex = 0; path = PonyMessenger.app; sourceTree = BUILT_PRODUCTS_DIR; };
		F0F647011AB869D700CACCA2 /* Info.plist */ = {isa = PBXFileReference; lastKnownFileType = text.plist.xml; path = Info.plist; sourceTree = "<group>"; };
		F0F647021AB869D700CACCA2 /* main.m */ = {isa = PBXFileReference; lastKnownFileType = sourcecode.c.objc; path = main.m; sourceTree = "<group>"; };
		F0F647041AB869D700CACCA2 /* AppDelegate.h */ = {isa = PBXFileReference; lastKnownFileType = sourcecode.c.h; path = AppDelegate.h; sourceTree = "<group>"; };
		F0F647051AB869D700CACCA2 /* AppDelegate.m */ = {isa = PBXFileReference; lastKnownFileType = sourcecode.c.objc; path = AppDelegate.m; sourceTree = "<group>"; };
		F0F6470B1AB869D700CACCA2 /* Base */ = {isa = PBXFileReference; lastKnownFileType = file.storyboard; name = Base; path = Base.lproj/Main.storyboard; sourceTree = "<group>"; };
		F0F6470D1AB869D700CACCA2 /* Images.xcassets */ = {isa = PBXFileReference; lastKnownFileType = folder.assetcatalog; path = Images.xcassets; sourceTree = "<group>"; };
		F0F647101AB869D700CACCA2 /* Base */ = {isa = PBXFileReference; lastKnownFileType = file.xib; name = Base; path = Base.lproj/LaunchScreen.xib; sourceTree = "<group>"; };
		F0F647161AB869D700CACCA2 /* PonyMessengerTests.xctest */ = {isa = PBXFileReference; explicitFileType = wrapper.cfbundle; includeInIndex = 0; path = PonyMessengerTests.xctest; sourceTree = BUILT_PRODUCTS_DIR; };
		F0F6471B1AB869D700CACCA2 /* Info.plist */ = {isa = PBXFileReference; lastKnownFileType = text.plist.xml; path = Info.plist; sourceTree = "<group>"; };
		F0F6471C1AB869D700CACCA2 /* PonyMessengerTests.m */ = {isa = PBXFileReference; lastKnownFileType = sourcecode.c.objc; path = PonyMessengerTests.m; sourceTree = "<group>"; };
/* End PBXFileReference section */

/* Begin PBXFrameworksBuildPhase section */
		F0F646FA1AB869D700CACCA2 /* Frameworks */ = {
			isa = PBXFrameworksBuildPhase;
			buildActionMask = 2147483647;
			files = (
				48521C126F8F75C87EA56841 /* libPods-PonyMessenger.a in Frameworks */,
			);
			runOnlyForDeploymentPostprocessing = 0;
		};
		F0F647131AB869D700CACCA2 /* Frameworks */ = {
			isa = PBXFrameworksBuildPhase;
			buildActionMask = 2147483647;
			files = (
			);
			runOnlyForDeploymentPostprocessing = 0;
		};
/* End PBXFrameworksBuildPhase section */

/* Begin PBXGroup section */
		4CD06DFCA3608186646A69EA /* Frameworks */ = {
			isa = PBXGroup;
			children = (
				B392287A4E310850C25CD927 /* libPods-PonyMessenger.a */,
			);
			name = Frameworks;
			sourceTree = "<group>";
		};
		52D86E3C78EC0F9314A62AEE /* Pods */ = {
			isa = PBXGroup;
			children = (
				B62EFBCE8B51F3951CFDE188 /* Pods-PonyMessenger.debug.xcconfig */,
				C3C56D5CFFDA60C1069C8488 /* Pods-PonyMessenger.release.xcconfig */,
			);
			name = Pods;
			sourceTree = "<group>";
		};
		63EADC441AC8ECCE00750DD2 /* Wireframe */ = {
			isa = PBXGroup;
			children = (
				63EADC451AC8ECDE00750DD2 /* PPMAccountWireframe.h */,
				63EADC461AC8ECDE00750DD2 /* PPMAccountWireframe.m */,
			);
			path = Wireframe;
			sourceTree = "<group>";
		};
		63EADC481AC8ED1100750DD2 /* Module Interface */ = {
			isa = PBXGroup;
			children = (
				63EADC491AC8ED1B00750DD2 /* PPMAccountCore.h */,
				63EADC4A1AC8ED1B00750DD2 /* PPMAccountCore.m */,
			);
			path = "Module Interface";
			sourceTree = "<group>";
		};
		F00392E41AB874F2002EF72B /* Resources */ = {
			isa = PBXGroup;
			children = (
				F00392E81AB87596002EF72B /* PPMChat.storyboard */,
				F08A3DD01AB8859100A5E6AA /* PPMChat.xcassets */,
				F029766E1AC842C500C7C37B /* PPMAccount.storyboard */,
			);
			path = Resources;
			sourceTree = "<group>";
		};
		F00392E51AB874F2002EF72B /* Classes */ = {
			isa = PBXGroup;
			children = (
				F00392E61AB874F2002EF72B /* Common */,
				F00392E71AB874F2002EF72B /* Modules */,
				F00392F21AB87790002EF72B /* PPMApplication.h */,
				F00392F31AB87790002EF72B /* PPMApplication.m */,
			);
			path = Classes;
			sourceTree = "<group>";
		};
		F00392E61AB874F2002EF72B /* Common */ = {
			isa = PBXGroup;
			children = (
				F023EFDB1AC7A230007CF88C /* Helper */,
				F05BFBD61AC6EA0C004E860F /* Define */,
				F0E1546F1AC5A24500E46E48 /* Store */,
				F00393061AB87F98002EF72B /* Wireframe */,
				F00392F81AB87845002EF72B /* Core */,
				F00392FF1AB87D46002EF72B /* View */,
			);
			path = Common;
			sourceTree = "<group>";
		};
		F00392E71AB874F2002EF72B /* Modules */ = {
			isa = PBXGroup;
			children = (
				F0E154701AC5A24C00E46E48 /* Account */,
				F00392EE1AB87755002EF72B /* Chat */,
			);
			path = Modules;
			sourceTree = "<group>";
		};
		F00392EE1AB87755002EF72B /* Chat */ = {
			isa = PBXGroup;
			children = (
				F00392EF1AB87755002EF72B /* Application Logic */,
				F00392F01AB87755002EF72B /* Module Interface */,
				F00392F11AB87755002EF72B /* User Interface */,
			);
			path = Chat;
			sourceTree = "<group>";
		};
		F00392EF1AB87755002EF72B /* Application Logic */ = {
			isa = PBXGroup;
			children = (
			);
			path = "Application Logic";
			sourceTree = "<group>";
		};
		F00392F01AB87755002EF72B /* Module Interface */ = {
			isa = PBXGroup;
			children = (
				F00392FC1AB878F8002EF72B /* PPMChatCore.h */,
				F00392FD1AB878F8002EF72B /* PPMChatCore.m */,
			);
			path = "Module Interface";
			sourceTree = "<group>";
		};
		F00392F11AB87755002EF72B /* User Interface */ = {
			isa = PBXGroup;
			children = (
				F08A3DDE1AB9D69900A5E6AA /* Interactor */,
				F08A3DDF1AB9D69900A5E6AA /* Presenter */,
				F08A3DC81AB8828500A5E6AA /* View */,
				F08A3DC91AB8828500A5E6AA /* Wireframe */,
			);
			path = "User Interface";
			sourceTree = "<group>";
		};
		F00392F81AB87845002EF72B /* Core */ = {
			isa = PBXGroup;
			children = (
				F00392F91AB8784C002EF72B /* PPMCore.h */,
				F00392FA1AB8784C002EF72B /* PPMCore.m */,
			);
			path = Core;
			sourceTree = "<group>";
		};
		F00392FF1AB87D46002EF72B /* View */ = {
			isa = PBXGroup;
			children = (
				F00393001AB87D63002EF72B /* PPMTabBarController.h */,
				F00393011AB87D63002EF72B /* PPMTabBarController.m */,
				F00393031AB87E35002EF72B /* PPMNavigationController.h */,
				F00393041AB87E35002EF72B /* PPMNavigationController.m */,
			);
			path = View;
			sourceTree = "<group>";
		};
		F00393061AB87F98002EF72B /* Wireframe */ = {
			isa = PBXGroup;
			children = (
				F00393071AB87FB2002EF72B /* PPMWireframe.h */,
				F00393081AB87FB2002EF72B /* PPMWireframe.m */,
			);
			path = Wireframe;
			sourceTree = "<group>";
		};
		F023EFDB1AC7A230007CF88C /* Helper */ = {
			isa = PBXGroup;
			children = (
				F023EFE21AC7A733007CF88C /* PPMValueFormatter.h */,
				F023EFE31AC7A733007CF88C /* PPMValueFormatter.m */,
				F023EFDC1AC7A2BA007CF88C /* PPMOutputHelper.h */,
				F023EFDD1AC7A2BA007CF88C /* PPMOutputHelper.m */,
				F023EFDF1AC7A2C7007CF88C /* PPMProtocolHelper.h */,
				F023EFE01AC7A2C7007CF88C /* PPMProtocolHelper.m */,
			);
			path = Helper;
			sourceTree = "<group>";
		};
		F029766C1AC842AE00C7C37B /* User Interface */ = {
			isa = PBXGroup;
			children = (
				63EADC441AC8ECCE00750DD2 /* Wireframe */,
				F029766D1AC842AE00C7C37B /* View */,
			);
			path = "User Interface";
			sourceTree = "<group>";
		};
		F029766D1AC842AE00C7C37B /* View */ = {
			isa = PBXGroup;
			children = (
				F02976701AC843CB00C7C37B /* PPMAccountSigninViewController.h */,
				F02976711AC843CB00C7C37B /* PPMAccountSigninViewController.m */,
				F02976731AC84A4800C7C37B /* PPMAccountActiveSigninViewController.h */,
				F02976741AC84A4800C7C37B /* PPMAccountActiveSigninViewController.m */,
			);
			path = View;
			sourceTree = "<group>";
		};
		F05BFBD61AC6EA0C004E860F /* Define */ = {
			isa = PBXGroup;
			children = (
				F05BFBD71AC6EA16004E860F /* PPMDefine.h */,
				F05BFBD81AC6EA16004E860F /* PPMDefine.m */,
				F05BFBDA1AC6EAF3004E860F /* PPMAccountDefine.h */,
				F05BFBDB1AC6EAF3004E860F /* PPMAccountDefine.m */,
			);
			path = Define;
			sourceTree = "<group>";
		};
		F05BFBE01AC6EF28004E860F /* Manager */ = {
			isa = PBXGroup;
			children = (
				F05BFBE51AC6EF94004E860F /* PPMAccountManager.h */,
				F05BFBE61AC6EF94004E860F /* PPMAccountManager.m */,
			);
			path = Manager;
			sourceTree = "<group>";
		};
		F05BFBE11AC6EF28004E860F /* Entity */ = {
			isa = PBXGroup;
			children = (
				F05BFBE21AC6EF7D004E860F /* PPMAccountItem.h */,
				F05BFBE31AC6EF7D004E860F /* PPMAccountItem.m */,
			);
			path = Entity;
			sourceTree = "<group>";
		};
		F08A3DC81AB8828500A5E6AA /* View */ = {
			isa = PBXGroup;
			children = (
				F08A3DCD1AB8839E00A5E6AA /* PPMChatRecentViewController.h */,
				F08A3DCE1AB8839E00A5E6AA /* PPMChatRecentViewController.m */,
				F08A3DD21AB9CDC200A5E6AA /* PPMChatRecentTableViewCell.h */,
				F08A3DD31AB9CDC200A5E6AA /* PPMChatRecentTableViewCell.m */,
				F08A3DD51AB9D1C500A5E6AA /* PPMChatContactViewController.h */,
				F08A3DD61AB9D1C500A5E6AA /* PPMChatContactViewController.m */,
				F08A3DDB1AB9D43300A5E6AA /* PPMChatContactTableViewCell.h */,
				F08A3DDC1AB9D43300A5E6AA /* PPMChatContactTableViewCell.m */,
				F067826C1AC06832009E8C5B /* PPMChatSessionViewController.h */,
				F067826D1AC06832009E8C5B /* PPMChatSessionViewController.m */,
			);
			path = View;
			sourceTree = "<group>";
		};
		F08A3DC91AB8828500A5E6AA /* Wireframe */ = {
			isa = PBXGroup;
			children = (
				F08A3DCA1AB8836E00A5E6AA /* PPMChatWireframe.h */,
				F08A3DCB1AB8836E00A5E6AA /* PPMChatWireframe.m */,
			);
			path = Wireframe;
			sourceTree = "<group>";
		};
		F08A3DDE1AB9D69900A5E6AA /* Interactor */ = {
			isa = PBXGroup;
			children = (
				F08A3DE01AB9D6B500A5E6AA /* PPMChatRecentListInteractor.h */,
				F08A3DE11AB9D6B500A5E6AA /* PPMChatRecentListInteractor.m */,
				F08A3DE31AB9D6C300A5E6AA /* PPMChatRecentCellInteractor.h */,
				F08A3DE41AB9D6C300A5E6AA /* PPMChatRecentCellInteractor.m */,
				F08A3DEC1ABAFBC500A5E6AA /* PPMChatContactListInteractor.h */,
				F08A3DED1ABAFBC500A5E6AA /* PPMChatContactListInteractor.m */,
				F08A3DEF1ABAFBD500A5E6AA /* PPMChatContactCellInteractor.h */,
				F08A3DF01ABAFBD500A5E6AA /* PPMChatContactCellInteractor.m */,
				F06782721AC0685A009E8C5B /* PPMChatSessionInteractor.h */,
				F06782731AC0685A009E8C5B /* PPMChatSessionInteractor.m */,
			);
			path = Interactor;
			sourceTree = "<group>";
		};
		F08A3DDF1AB9D69900A5E6AA /* Presenter */ = {
			isa = PBXGroup;
			children = (
				F08A3DE61AB9D6DB00A5E6AA /* PPMChatRecentListPresenter.h */,
				F08A3DE71AB9D6DB00A5E6AA /* PPMChatRecentListPresenter.m */,
				F08A3DE91AB9D6E600A5E6AA /* PPMChatRecentCellPresenter.h */,
				F08A3DEA1AB9D6E600A5E6AA /* PPMChatRecentCellPresenter.m */,
				F08A3DF21ABAFBE300A5E6AA /* PPMChatContactListPresenter.h */,
				F08A3DF31ABAFBE300A5E6AA /* PPMChatContactListPresenter.m */,
				F08A3DF51ABAFBF100A5E6AA /* PPMChatContactCellPresenter.h */,
				F08A3DF61ABAFBF100A5E6AA /* PPMChatContactCellPresenter.m */,
				F067826F1AC0684E009E8C5B /* PPMChatSessionPresenter.h */,
				F06782701AC0684E009E8C5B /* PPMChatSessionPresenter.m */,
			);
			path = Presenter;
			sourceTree = "<group>";
		};
		F0E1546F1AC5A24500E46E48 /* Store */ = {
			isa = PBXGroup;
			children = (
				F0E154721AC5A27D00E46E48 /* Entity */,
				F0E154731AC5A2C900E46E48 /* PPM.xcdatamodeld */,
				F05BFBE81AC6F066004E860F /* PPMPublicCoreData.h */,
				F05BFBE91AC6F066004E860F /* PPMPublicCoreData.m */,
				F0E154761AC5A2F800E46E48 /* PPMPrivateCoreData.h */,
				F0E154771AC5A2F800E46E48 /* PPMPrivateCoreData.m */,
			);
			path = Store;
			sourceTree = "<group>";
		};
		F0E154701AC5A24C00E46E48 /* Account */ = {
			isa = PBXGroup;
			children = (
				63EADC481AC8ED1100750DD2 /* Module Interface */,
				F029766C1AC842AE00C7C37B /* User Interface */,
				F0E154711AC5A24C00E46E48 /* Application Logic */,
			);
			path = Account;
			sourceTree = "<group>";
		};
		F0E154711AC5A24C00E46E48 /* Application Logic */ = {
			isa = PBXGroup;
			children = (
				F05BFBE01AC6EF28004E860F /* Manager */,
				F05BFBE11AC6EF28004E860F /* Entity */,
			);
			path = "Application Logic";
			sourceTree = "<group>";
		};
		F0E154721AC5A27D00E46E48 /* Entity */ = {
			isa = PBXGroup;
			children = (
				F05BFBDD1AC6EE63004E860F /* PPMManagedAccountItem.h */,
				F05BFBDE1AC6EE63004E860F /* PPMManagedAccountItem.m */,
				F0E154791AC5A59300E46E48 /* PPMManagedUserInformationItem.h */,
				F0E1547A1AC5A59300E46E48 /* PPMManagedUserInformationItem.m */,
			);
			path = Entity;
			sourceTree = "<group>";
		};
		F0F646F41AB869D700CACCA2 = {
			isa = PBXGroup;
			children = (
				F0F646FF1AB869D700CACCA2 /* PonyMessenger */,
				F0F647191AB869D700CACCA2 /* PonyMessengerTests */,
				F0F646FE1AB869D700CACCA2 /* Products */,
				52D86E3C78EC0F9314A62AEE /* Pods */,
				4CD06DFCA3608186646A69EA /* Frameworks */,
			);
			sourceTree = "<group>";
		};
		F0F646FE1AB869D700CACCA2 /* Products */ = {
			isa = PBXGroup;
			children = (
				F0F646FD1AB869D700CACCA2 /* PonyMessenger.app */,
				F0F647161AB869D700CACCA2 /* PonyMessengerTests.xctest */,
			);
			name = Products;
			sourceTree = "<group>";
		};
		F0F646FF1AB869D700CACCA2 /* PonyMessenger */ = {
			isa = PBXGroup;
			children = (
				F00392E41AB874F2002EF72B /* Resources */,
				F00392E51AB874F2002EF72B /* Classes */,
				F0F647041AB869D700CACCA2 /* AppDelegate.h */,
				F0F647051AB869D700CACCA2 /* AppDelegate.m */,
				F0F6470A1AB869D700CACCA2 /* Main.storyboard */,
				F0F6470D1AB869D700CACCA2 /* Images.xcassets */,
				F0F6470F1AB869D700CACCA2 /* LaunchScreen.xib */,
				F0F647001AB869D700CACCA2 /* Supporting Files */,
			);
			path = PonyMessenger;
			sourceTree = "<group>";
		};
		F0F647001AB869D700CACCA2 /* Supporting Files */ = {
			isa = PBXGroup;
			children = (
				F0F647011AB869D700CACCA2 /* Info.plist */,
				F0F647021AB869D700CACCA2 /* main.m */,
			);
			name = "Supporting Files";
			sourceTree = "<group>";
		};
		F0F647191AB869D700CACCA2 /* PonyMessengerTests */ = {
			isa = PBXGroup;
			children = (
				F0F6471C1AB869D700CACCA2 /* PonyMessengerTests.m */,
				F05BFBEB1AC6F3EE004E860F /* PPMAccountTests.m */,
				F023EFE51AC7AF7C007CF88C /* PPMOutputHelperTests.m */,
				F0F6471A1AB869D700CACCA2 /* Supporting Files */,
			);
			path = PonyMessengerTests;
			sourceTree = "<group>";
		};
		F0F6471A1AB869D700CACCA2 /* Supporting Files */ = {
			isa = PBXGroup;
			children = (
				F0F6471B1AB869D700CACCA2 /* Info.plist */,
			);
			name = "Supporting Files";
			sourceTree = "<group>";
		};
/* End PBXGroup section */

/* Begin PBXNativeTarget section */
		F0F646FC1AB869D700CACCA2 /* PonyMessenger */ = {
			isa = PBXNativeTarget;
			buildConfigurationList = F0F647201AB869D700CACCA2 /* Build configuration list for PBXNativeTarget "PonyMessenger" */;
			buildPhases = (
				756AEFBEB4D5FBC57085C8E9 /* Check Pods Manifest.lock */,
				F0F646F91AB869D700CACCA2 /* Sources */,
				F0F646FA1AB869D700CACCA2 /* Frameworks */,
				F0F646FB1AB869D700CACCA2 /* Resources */,
				AEDD218D4E70168AD5897567 /* Copy Pods Resources */,
			);
			buildRules = (
			);
			dependencies = (
			);
			name = PonyMessenger;
			productName = PonyMessenger;
			productReference = F0F646FD1AB869D700CACCA2 /* PonyMessenger.app */;
			productType = "com.apple.product-type.application";
		};
		F0F647151AB869D700CACCA2 /* PonyMessengerTests */ = {
			isa = PBXNativeTarget;
			buildConfigurationList = F0F647231AB869D700CACCA2 /* Build configuration list for PBXNativeTarget "PonyMessengerTests" */;
			buildPhases = (
				F0F647121AB869D700CACCA2 /* Sources */,
				F0F647131AB869D700CACCA2 /* Frameworks */,
				F0F647141AB869D700CACCA2 /* Resources */,
			);
			buildRules = (
			);
			dependencies = (
				F0F647181AB869D700CACCA2 /* PBXTargetDependency */,
			);
			name = PonyMessengerTests;
			productName = PonyMessengerTests;
			productReference = F0F647161AB869D700CACCA2 /* PonyMessengerTests.xctest */;
			productType = "com.apple.product-type.bundle.unit-test";
		};
/* End PBXNativeTarget section */

/* Begin PBXProject section */
		F0F646F51AB869D700CACCA2 /* Project object */ = {
			isa = PBXProject;
			attributes = {
				CLASSPREFIX = PPM;
				LastUpgradeCheck = 0620;
				ORGANIZATIONNAME = "崔 明辉";
				TargetAttributes = {
					F0F646FC1AB869D700CACCA2 = {
						CreatedOnToolsVersion = 6.2;
					};
					F0F647151AB869D700CACCA2 = {
						CreatedOnToolsVersion = 6.2;
						TestTargetID = F0F646FC1AB869D700CACCA2;
					};
				};
			};
			buildConfigurationList = F0F646F81AB869D700CACCA2 /* Build configuration list for PBXProject "PonyMessenger" */;
			compatibilityVersion = "Xcode 3.2";
			developmentRegion = English;
			hasScannedForEncodings = 0;
			knownRegions = (
				en,
				Base,
			);
			mainGroup = F0F646F41AB869D700CACCA2;
			productRefGroup = F0F646FE1AB869D700CACCA2 /* Products */;
			projectDirPath = "";
			projectRoot = "";
			targets = (
				F0F646FC1AB869D700CACCA2 /* PonyMessenger */,
				F0F647151AB869D700CACCA2 /* PonyMessengerTests */,
			);
		};
/* End PBXProject section */

/* Begin PBXResourcesBuildPhase section */
		F0F646FB1AB869D700CACCA2 /* Resources */ = {
			isa = PBXResourcesBuildPhase;
			buildActionMask = 2147483647;
			files = (
				F029766F1AC842C500C7C37B /* PPMAccount.storyboard in Resources */,
				F0F6470C1AB869D700CACCA2 /* Main.storyboard in Resources */,
				F0F647111AB869D700CACCA2 /* LaunchScreen.xib in Resources */,
				F08A3DD11AB8859100A5E6AA /* PPMChat.xcassets in Resources */,
				F00392E91AB87596002EF72B /* PPMChat.storyboard in Resources */,
				F0F6470E1AB869D700CACCA2 /* Images.xcassets in Resources */,
			);
			runOnlyForDeploymentPostprocessing = 0;
		};
		F0F647141AB869D700CACCA2 /* Resources */ = {
			isa = PBXResourcesBuildPhase;
			buildActionMask = 2147483647;
			files = (
			);
			runOnlyForDeploymentPostprocessing = 0;
		};
/* End PBXResourcesBuildPhase section */

/* Begin PBXShellScriptBuildPhase section */
		756AEFBEB4D5FBC57085C8E9 /* Check Pods Manifest.lock */ = {
			isa = PBXShellScriptBuildPhase;
			buildActionMask = 2147483647;
			files = (
			);
			inputPaths = (
			);
			name = "Check Pods Manifest.lock";
			outputPaths = (
			);
			runOnlyForDeploymentPostprocessing = 0;
			shellPath = /bin/sh;
			shellScript = "diff \"${PODS_ROOT}/../Podfile.lock\" \"${PODS_ROOT}/Manifest.lock\" > /dev/null\nif [[ $? != 0 ]] ; then\n    cat << EOM\nerror: The sandbox is not in sync with the Podfile.lock. Run 'pod install' or update your CocoaPods installation.\nEOM\n    exit 1\nfi\n";
			showEnvVarsInLog = 0;
		};
		AEDD218D4E70168AD5897567 /* Copy Pods Resources */ = {
			isa = PBXShellScriptBuildPhase;
			buildActionMask = 2147483647;
			files = (
			);
			inputPaths = (
			);
			name = "Copy Pods Resources";
			outputPaths = (
			);
			runOnlyForDeploymentPostprocessing = 0;
			shellPath = /bin/sh;
			shellScript = "\"${SRCROOT}/Pods/Target Support Files/Pods-PonyMessenger/Pods-PonyMessenger-resources.sh\"\n";
			showEnvVarsInLog = 0;
		};
/* End PBXShellScriptBuildPhase section */

/* Begin PBXSourcesBuildPhase section */
		F0F646F91AB869D700CACCA2 /* Sources */ = {
			isa = PBXSourcesBuildPhase;
			buildActionMask = 2147483647;
			files = (
				F06782741AC0685A009E8C5B /* PPMChatSessionInteractor.m in Sources */,
				F023EFE11AC7A2C7007CF88C /* PPMProtocolHelper.m in Sources */,
				F02976721AC843CB00C7C37B /* PPMAccountSigninViewController.m in Sources */,
				F0E154751AC5A2C900E46E48 /* PPM.xcdatamodeld in Sources */,
				F08A3DDD1AB9D43300A5E6AA /* PPMChatContactTableViewCell.m in Sources */,
				F08A3DE51AB9D6C300A5E6AA /* PPMChatRecentCellInteractor.m in Sources */,
				F08A3DD41AB9CDC200A5E6AA /* PPMChatRecentTableViewCell.m in Sources */,
				F0E1547B1AC5A59300E46E48 /* PPMManagedUserInformationItem.m in Sources */,
				F023EFE41AC7A733007CF88C /* PPMValueFormatter.m in Sources */,
				F023EFDE1AC7A2BA007CF88C /* PPMOutputHelper.m in Sources */,
				F00392FE1AB878F8002EF72B /* PPMChatCore.m in Sources */,
				F08A3DE21AB9D6B500A5E6AA /* PPMChatRecentListInteractor.m in Sources */,
				F06782711AC0684E009E8C5B /* PPMChatSessionPresenter.m in Sources */,
				F05BFBDF1AC6EE63004E860F /* PPMManagedAccountItem.m in Sources */,
				F00392F41AB87790002EF72B /* PPMApplication.m in Sources */,
				F08A3DE81AB9D6DB00A5E6AA /* PPMChatRecentListPresenter.m in Sources */,
				F02976751AC84A4800C7C37B /* PPMAccountActiveSigninViewController.m in Sources */,
				F08A3DCF1AB8839E00A5E6AA /* PPMChatRecentViewController.m in Sources */,
				F08A3DEE1ABAFBC500A5E6AA /* PPMChatContactListInteractor.m in Sources */,
				F0F647061AB869D700CACCA2 /* AppDelegate.m in Sources */,
				F05BFBDC1AC6EAF3004E860F /* PPMAccountDefine.m in Sources */,
				63EADC471AC8ECDE00750DD2 /* PPMAccountWireframe.m in Sources */,
				63EADC4B1AC8ED1B00750DD2 /* PPMAccountCore.m in Sources */,
				F0F647031AB869D700CACCA2 /* main.m in Sources */,
				F00393091AB87FB2002EF72B /* PPMWireframe.m in Sources */,
				F00393021AB87D63002EF72B /* PPMTabBarController.m in Sources */,
				F05BFBEA1AC6F066004E860F /* PPMPublicCoreData.m in Sources */,
				F08A3DF11ABAFBD500A5E6AA /* PPMChatContactCellInteractor.m in Sources */,
				F05BFBE41AC6EF7D004E860F /* PPMAccountItem.m in Sources */,
				F067826E1AC06832009E8C5B /* PPMChatSessionViewController.m in Sources */,
				F08A3DF41ABAFBE300A5E6AA /* PPMChatContactListPresenter.m in Sources */,
				F08A3DF71ABAFBF100A5E6AA /* PPMChatContactCellPresenter.m in Sources */,
				F08A3DD71AB9D1C500A5E6AA /* PPMChatContactViewController.m in Sources */,
				F08A3DCC1AB8836E00A5E6AA /* PPMChatWireframe.m in Sources */,
				F00393051AB87E36002EF72B /* PPMNavigationController.m in Sources */,
				F08A3DEB1AB9D6E600A5E6AA /* PPMChatRecentCellPresenter.m in Sources */,
				F05BFBE71AC6EF94004E860F /* PPMAccountManager.m in Sources */,
				F05BFBD91AC6EA16004E860F /* PPMDefine.m in Sources */,
				F00392FB1AB8784C002EF72B /* PPMCore.m in Sources */,
				F0E154781AC5A2F800E46E48 /* PPMPrivateCoreData.m in Sources */,
			);
			runOnlyForDeploymentPostprocessing = 0;
		};
		F0F647121AB869D700CACCA2 /* Sources */ = {
			isa = PBXSourcesBuildPhase;
			buildActionMask = 2147483647;
			files = (
				F0F6471D1AB869D700CACCA2 /* PonyMessengerTests.m in Sources */,
				F05BFBEC1AC6F3EE004E860F /* PPMAccountTests.m in Sources */,
				F023EFE61AC7AF7C007CF88C /* PPMOutputHelperTests.m in Sources */,
			);
			runOnlyForDeploymentPostprocessing = 0;
		};
/* End PBXSourcesBuildPhase section */

/* Begin PBXTargetDependency section */
		F0F647181AB869D700CACCA2 /* PBXTargetDependency */ = {
			isa = PBXTargetDependency;
			target = F0F646FC1AB869D700CACCA2 /* PonyMessenger */;
			targetProxy = F0F647171AB869D700CACCA2 /* PBXContainerItemProxy */;
		};
/* End PBXTargetDependency section */

/* Begin PBXVariantGroup section */
		F0F6470A1AB869D700CACCA2 /* Main.storyboard */ = {
			isa = PBXVariantGroup;
			children = (
				F0F6470B1AB869D700CACCA2 /* Base */,
			);
			name = Main.storyboard;
			sourceTree = "<group>";
		};
		F0F6470F1AB869D700CACCA2 /* LaunchScreen.xib */ = {
			isa = PBXVariantGroup;
			children = (
				F0F647101AB869D700CACCA2 /* Base */,
			);
			name = LaunchScreen.xib;
			sourceTree = "<group>";
		};
/* End PBXVariantGroup section */

/* Begin XCBuildConfiguration section */
		F0F6471E1AB869D700CACCA2 /* Debug */ = {
			isa = XCBuildConfiguration;
			buildSettings = {
				ALWAYS_SEARCH_USER_PATHS = NO;
				CLANG_CXX_LANGUAGE_STANDARD = "gnu++0x";
				CLANG_CXX_LIBRARY = "libc++";
				CLANG_ENABLE_MODULES = YES;
				CLANG_ENABLE_OBJC_ARC = YES;
				CLANG_WARN_BOOL_CONVERSION = YES;
				CLANG_WARN_CONSTANT_CONVERSION = YES;
				CLANG_WARN_DIRECT_OBJC_ISA_USAGE = YES_ERROR;
				CLANG_WARN_EMPTY_BODY = YES;
				CLANG_WARN_ENUM_CONVERSION = YES;
				CLANG_WARN_INT_CONVERSION = YES;
				CLANG_WARN_OBJC_ROOT_CLASS = YES_ERROR;
				CLANG_WARN_UNREACHABLE_CODE = YES;
				CLANG_WARN__DUPLICATE_METHOD_MATCH = YES;
				"CODE_SIGN_IDENTITY[sdk=iphoneos*]" = "iPhone Developer";
				COPY_PHASE_STRIP = NO;
				ENABLE_STRICT_OBJC_MSGSEND = YES;
				GCC_C_LANGUAGE_STANDARD = gnu99;
				GCC_DYNAMIC_NO_PIC = NO;
				GCC_OPTIMIZATION_LEVEL = 0;
				GCC_PREPROCESSOR_DEFINITIONS = (
					"DEBUG=1",
					"$(inherited)",
				);
				GCC_SYMBOLS_PRIVATE_EXTERN = NO;
				GCC_WARN_64_TO_32_BIT_CONVERSION = YES;
				GCC_WARN_ABOUT_RETURN_TYPE = YES_ERROR;
				GCC_WARN_UNDECLARED_SELECTOR = YES;
				GCC_WARN_UNINITIALIZED_AUTOS = YES_AGGRESSIVE;
				GCC_WARN_UNUSED_FUNCTION = YES;
				GCC_WARN_UNUSED_VARIABLE = YES;
				IPHONEOS_DEPLOYMENT_TARGET = 8.2;
				MTL_ENABLE_DEBUG_INFO = YES;
				ONLY_ACTIVE_ARCH = YES;
				SDKROOT = iphoneos;
				TARGETED_DEVICE_FAMILY = "1,2";
			};
			name = Debug;
		};
		F0F6471F1AB869D700CACCA2 /* Release */ = {
			isa = XCBuildConfiguration;
			buildSettings = {
				ALWAYS_SEARCH_USER_PATHS = NO;
				CLANG_CXX_LANGUAGE_STANDARD = "gnu++0x";
				CLANG_CXX_LIBRARY = "libc++";
				CLANG_ENABLE_MODULES = YES;
				CLANG_ENABLE_OBJC_ARC = YES;
				CLANG_WARN_BOOL_CONVERSION = YES;
				CLANG_WARN_CONSTANT_CONVERSION = YES;
				CLANG_WARN_DIRECT_OBJC_ISA_USAGE = YES_ERROR;
				CLANG_WARN_EMPTY_BODY = YES;
				CLANG_WARN_ENUM_CONVERSION = YES;
				CLANG_WARN_INT_CONVERSION = YES;
				CLANG_WARN_OBJC_ROOT_CLASS = YES_ERROR;
				CLANG_WARN_UNREACHABLE_CODE = YES;
				CLANG_WARN__DUPLICATE_METHOD_MATCH = YES;
				"CODE_SIGN_IDENTITY[sdk=iphoneos*]" = "iPhone Developer";
				COPY_PHASE_STRIP = NO;
				ENABLE_NS_ASSERTIONS = NO;
				ENABLE_STRICT_OBJC_MSGSEND = YES;
				GCC_C_LANGUAGE_STANDARD = gnu99;
				GCC_WARN_64_TO_32_BIT_CONVERSION = YES;
				GCC_WARN_ABOUT_RETURN_TYPE = YES_ERROR;
				GCC_WARN_UNDECLARED_SELECTOR = YES;
				GCC_WARN_UNINITIALIZED_AUTOS = YES_AGGRESSIVE;
				GCC_WARN_UNUSED_FUNCTION = YES;
				GCC_WARN_UNUSED_VARIABLE = YES;
				IPHONEOS_DEPLOYMENT_TARGET = 8.2;
				MTL_ENABLE_DEBUG_INFO = NO;
				SDKROOT = iphoneos;
				TARGETED_DEVICE_FAMILY = "1,2";
				VALIDATE_PRODUCT = YES;
			};
			name = Release;
		};
		F0F647211AB869D700CACCA2 /* Debug */ = {
			isa = XCBuildConfiguration;
			baseConfigurationReference = B62EFBCE8B51F3951CFDE188 /* Pods-PonyMessenger.debug.xcconfig */;
			buildSettings = {
				ASSETCATALOG_COMPILER_APPICON_NAME = AppIcon;
				INFOPLIST_FILE = PonyMessenger/Info.plist;
				IPHONEOS_DEPLOYMENT_TARGET = 7.0;
				LD_RUNPATH_SEARCH_PATHS = "$(inherited) @executable_path/Frameworks";
				PRODUCT_NAME = "$(TARGET_NAME)";
			};
			name = Debug;
		};
		F0F647221AB869D700CACCA2 /* Release */ = {
			isa = XCBuildConfiguration;
			baseConfigurationReference = C3C56D5CFFDA60C1069C8488 /* Pods-PonyMessenger.release.xcconfig */;
			buildSettings = {
				ASSETCATALOG_COMPILER_APPICON_NAME = AppIcon;
				INFOPLIST_FILE = PonyMessenger/Info.plist;
				IPHONEOS_DEPLOYMENT_TARGET = 7.0;
				LD_RUNPATH_SEARCH_PATHS = "$(inherited) @executable_path/Frameworks";
				PRODUCT_NAME = "$(TARGET_NAME)";
			};
			name = Release;
		};
		F0F647241AB869D700CACCA2 /* Debug */ = {
			isa = XCBuildConfiguration;
			buildSettings = {
				BUNDLE_LOADER = "$(TEST_HOST)";
				FRAMEWORK_SEARCH_PATHS = (
					"$(SDKROOT)/Developer/Library/Frameworks",
					"$(inherited)",
				);
				GCC_PREPROCESSOR_DEFINITIONS = (
					"DEBUG=1",
					"$(inherited)",
				);
				INFOPLIST_FILE = PonyMessengerTests/Info.plist;
				LD_RUNPATH_SEARCH_PATHS = "$(inherited) @executable_path/Frameworks @loader_path/Frameworks";
				PRODUCT_NAME = "$(TARGET_NAME)";
				TEST_HOST = "$(BUILT_PRODUCTS_DIR)/PonyMessenger.app/PonyMessenger";
			};
			name = Debug;
		};
		F0F647251AB869D700CACCA2 /* Release */ = {
			isa = XCBuildConfiguration;
			buildSettings = {
				BUNDLE_LOADER = "$(TEST_HOST)";
				FRAMEWORK_SEARCH_PATHS = (
					"$(SDKROOT)/Developer/Library/Frameworks",
					"$(inherited)",
				);
				INFOPLIST_FILE = PonyMessengerTests/Info.plist;
				LD_RUNPATH_SEARCH_PATHS = "$(inherited) @executable_path/Frameworks @loader_path/Frameworks";
				PRODUCT_NAME = "$(TARGET_NAME)";
				TEST_HOST = "$(BUILT_PRODUCTS_DIR)/PonyMessenger.app/PonyMessenger";
			};
			name = Release;
		};
/* End XCBuildConfiguration section */

/* Begin XCConfigurationList section */
		F0F646F81AB869D700CACCA2 /* Build configuration list for PBXProject "PonyMessenger" */ = {
			isa = XCConfigurationList;
			buildConfigurations = (
				F0F6471E1AB869D700CACCA2 /* Debug */,
				F0F6471F1AB869D700CACCA2 /* Release */,
			);
			defaultConfigurationIsVisible = 0;
			defaultConfigurationName = Release;
		};
		F0F647201AB869D700CACCA2 /* Build configuration list for PBXNativeTarget "PonyMessenger" */ = {
			isa = XCConfigurationList;
			buildConfigurations = (
				F0F647211AB869D700CACCA2 /* Debug */,
				F0F647221AB869D700CACCA2 /* Release */,
			);
			defaultConfigurationIsVisible = 0;
			defaultConfigurationName = Release;
		};
		F0F647231AB869D700CACCA2 /* Build configuration list for PBXNativeTarget "PonyMessengerTests" */ = {
			isa = XCConfigurationList;
			buildConfigurations = (
				F0F647241AB869D700CACCA2 /* Debug */,
				F0F647251AB869D700CACCA2 /* Release */,
			);
			defaultConfigurationIsVisible = 0;
			defaultConfigurationName = Release;
		};
/* End XCConfigurationList section */

/* Begin XCVersionGroup section */
		F0E154731AC5A2C900E46E48 /* PPM.xcdatamodeld */ = {
			isa = XCVersionGroup;
			children = (
				F0E154741AC5A2C900E46E48 /* PPM.xcdatamodel */,
			);
			currentVersion = F0E154741AC5A2C900E46E48 /* PPM.xcdatamodel */;
			path = PPM.xcdatamodeld;
			sourceTree = "<group>";
			versionGroupType = wrapper.xcdatamodel;
		};
/* End XCVersionGroup section */
	};
	rootObject = F0F646F51AB869D700CACCA2 /* Project object */;
}
